
Microsoft Visual Studio Solution File, Format Version 12.00
# Visual Studio Version 17
VisualStudioVersion = 17.5.33627.172
MinimumVisualStudioVersion = 10.0.40219.1
Project("{FAE04EC0-301F-11D3-BF4B-00C04F79EFBC}") = "POCWebApp6", "POCWebApp6\POCWebApp6.csproj", "{67524868-4EC2-4351-9FBC-1BA93C38B280}"
EndProject
Global
	GlobalSection(SolutionConfigurationPlatforms) = preSolution
		Debug|Any CPU = Debug|Any CPU
		Release|Any CPU = Release|Any CPU
	EndGlobalSection
	GlobalSection(ProjectConfigurationPlatforms) = postSolution
		{67524868-4EC2-4351-9FBC-1BA93C38B280}.Debug|Any CPU.ActiveCfg = Debug|Any CPU
		{67524868-4EC2-4351-9FBC-1BA93C38B280}.Debug|Any CPU.Build.0 = Debug|Any CPU
		{67524868-4EC2-4351-9FBC-1BA93C38B280}.Release|Any CPU.ActiveCfg = Release|Any CPU
		{67524868-4EC2-4351-9FBC-1BA93C38B280}.Release|Any CPU.Build.0 = Release|Any CPU
	EndGlobalSection
	GlobalSection(SolutionProperties) = preSolution
		HideSolutionNode = FALSE
	EndGlobalSection
	GlobalSection(ExtensibilityGlobals) = postSolution
		SolutionGuid = {00633278-C36C-44BA-A7F0-1896B4AE207E}
	EndGlobalSection
EndGlobal
